{
  "version": 4,
  "terraform_version": "1.9.4",
  "serial": 23,
  "lineage": "f3808924-18ab-dd9e-eb05-e60d3f631123",
  "outputs": {},
  "resources": [
    {
      "mode": "managed",
      "type": "local_file",
      "name": "my_pet",
      "provider": "provider[\"registry.terraform.io/hashicorp/local\"]",
      "instances": [
        {
          "schema_version": 0,
          "attributes": {
            "content": "i love birds",
            "content_base64": null,
            "content_base64sha256": "s4T065LWEA2j/JVUGMJdtM0rVvPtVkwYLGZASV2IkLU=",
            "content_base64sha512": "Lhh87qYxUfFQha4pbjwp0FYGIR5vDRK3+Vq6/kW0ahPGU6iFbDhPrvuDiMfo3u60qpb3jGVd/1N2pFmA1G/5MQ==",
            "content_md5": "521f0bade12a8881776a718a90535b1c",
            "content_sha1": "828150b3730a56c7a78a1fc74a224041572a7d9c",
            "content_sha256": "b384f4eb92d6100da3fc955418c25db4cd2b56f3ed564c182c6640495d8890b5",
            "content_sha512": "2e187ceea63151f15085ae296e3c29d05606211e6f0d12b7f95abafe45b46a13c653a8856c384faefb8388c7e8deeeb4aa96f78c655dff5376a45980d46ff931",
            "directory_permission": "0777",
            "file_permission": "0777",
            "filename": "pets.txt",
            "id": "828150b3730a56c7a78a1fc74a224041572a7d9c",
            "sensitive_content": null,
            "source": null
          },
          "sensitive_attributes": [
            [
              {
                "type": "get_attr",
                "value": "sensitive_content"
              }
            ]
          ]
        }
      ]
    },
    {
      "mode": "managed",
      "type": "random_pet",
      "name": "petname",
      "provider": "provider[\"registry.terraform.io/hashicorp/random\"]",
      "instances": [
        {
          "schema_version": 0,
          "attributes": {
            "id": "Mr.halibut",
            "keepers": null,
            "length": 1,
            "prefix": "Mr",
            "separator": "."
          },
          "sensitive_attributes": []
        }
      ]
    }
  ],
  "check_results": null
}
